
Microsoft Visual Studio Solution File, Format Version 12.00
# Visual Studio 15
VisualStudioVersion = 15.0.26124.0
MinimumVisualStudioVersion = 15.0.26124.0
Project("{FAE04EC0-301F-11D3-BF4B-00C04F79EFBC}") = "FJ.Client", "FJ.Client\FJ.Client.csproj", "{7A5456FB-85B4-4953-B981-725C88EFDDF0}"
EndProject
Project("{FAE04EC0-301F-11D3-BF4B-00C04F79EFBC}") = "FJ.FinlandiaHiihtoAPI", "FJ.FinlandiaHiihtoAPI\FJ.FinlandiaHiihtoAPI.csproj", "{ED42C272-BDC2-47A7-89D7-2733EC81A853}"
EndProject
Project("{FAE04EC0-301F-11D3-BF4B-00C04F79EFBC}") = "FJ.ServiceInterfaces", "FJ.ServiceInterfaces\FJ.ServiceInterfaces.csproj", "{343773EF-B9C2-4ACC-A2E7-97FBB1C48B33}"
EndProject
Project("{FAE04EC0-301F-11D3-BF4B-00C04F79EFBC}") = "FJ.DomainObjects", "FJ.DomainObjects\FJ.DomainObjects.csproj", "{A8B1390D-263E-44E9-8C09-2D6614F0B432}"
EndProject
Project("{FAE04EC0-301F-11D3-BF4B-00C04F79EFBC}") = "FJ.Services", "FJ.Services\FJ.Services.csproj", "{CD95E1CE-342A-4AAD-BCD8-64B6D34AAE7B}"
EndProject
Global
	GlobalSection(SolutionConfigurationPlatforms) = preSolution
		Debug|Any CPU = Debug|Any CPU
		Debug|x64 = Debug|x64
		Debug|x86 = Debug|x86
		Release|Any CPU = Release|Any CPU
		Release|x64 = Release|x64
		Release|x86 = Release|x86
	EndGlobalSection
	GlobalSection(SolutionProperties) = preSolution
		HideSolutionNode = FALSE
	EndGlobalSection
	GlobalSection(ProjectConfigurationPlatforms) = postSolution
		{7A5456FB-85B4-4953-B981-725C88EFDDF0}.Debug|Any CPU.ActiveCfg = Debug|Any CPU
		{7A5456FB-85B4-4953-B981-725C88EFDDF0}.Debug|Any CPU.Build.0 = Debug|Any CPU
		{7A5456FB-85B4-4953-B981-725C88EFDDF0}.Debug|x64.ActiveCfg = Debug|Any CPU
		{7A5456FB-85B4-4953-B981-725C88EFDDF0}.Debug|x64.Build.0 = Debug|Any CPU
		{7A5456FB-85B4-4953-B981-725C88EFDDF0}.Debug|x86.ActiveCfg = Debug|Any CPU
		{7A5456FB-85B4-4953-B981-725C88EFDDF0}.Debug|x86.Build.0 = Debug|Any CPU
		{7A5456FB-85B4-4953-B981-725C88EFDDF0}.Release|Any CPU.ActiveCfg = Release|Any CPU
		{7A5456FB-85B4-4953-B981-725C88EFDDF0}.Release|Any CPU.Build.0 = Release|Any CPU
		{7A5456FB-85B4-4953-B981-725C88EFDDF0}.Release|x64.ActiveCfg = Release|Any CPU
		{7A5456FB-85B4-4953-B981-725C88EFDDF0}.Release|x64.Build.0 = Release|Any CPU
		{7A5456FB-85B4-4953-B981-725C88EFDDF0}.Release|x86.ActiveCfg = Release|Any CPU
		{7A5456FB-85B4-4953-B981-725C88EFDDF0}.Release|x86.Build.0 = Release|Any CPU
		{ED42C272-BDC2-47A7-89D7-2733EC81A853}.Debug|Any CPU.ActiveCfg = Debug|Any CPU
		{ED42C272-BDC2-47A7-89D7-2733EC81A853}.Debug|Any CPU.Build.0 = Debug|Any CPU
		{ED42C272-BDC2-47A7-89D7-2733EC81A853}.Debug|x64.ActiveCfg = Debug|Any CPU
		{ED42C272-BDC2-47A7-89D7-2733EC81A853}.Debug|x64.Build.0 = Debug|Any CPU
		{ED42C272-BDC2-47A7-89D7-2733EC81A853}.Debug|x86.ActiveCfg = Debug|Any CPU
		{ED42C272-BDC2-47A7-89D7-2733EC81A853}.Debug|x86.Build.0 = Debug|Any CPU
		{ED42C272-BDC2-47A7-89D7-2733EC81A853}.Release|Any CPU.ActiveCfg = Release|Any CPU
		{ED42C272-BDC2-47A7-89D7-2733EC81A853}.Release|Any CPU.Build.0 = Release|Any CPU
		{ED42C272-BDC2-47A7-89D7-2733EC81A853}.Release|x64.ActiveCfg = Release|Any CPU
		{ED42C272-BDC2-47A7-89D7-2733EC81A853}.Release|x64.Build.0 = Release|Any CPU
		{ED42C272-BDC2-47A7-89D7-2733EC81A853}.Release|x86.ActiveCfg = Release|Any CPU
		{ED42C272-BDC2-47A7-89D7-2733EC81A853}.Release|x86.Build.0 = Release|Any CPU
		{343773EF-B9C2-4ACC-A2E7-97FBB1C48B33}.Debug|Any CPU.ActiveCfg = Debug|Any CPU
		{343773EF-B9C2-4ACC-A2E7-97FBB1C48B33}.Debug|Any CPU.Build.0 = Debug|Any CPU
		{343773EF-B9C2-4ACC-A2E7-97FBB1C48B33}.Debug|x64.ActiveCfg = Debug|Any CPU
		{343773EF-B9C2-4ACC-A2E7-97FBB1C48B33}.Debug|x64.Build.0 = Debug|Any CPU
		{343773EF-B9C2-4ACC-A2E7-97FBB1C48B33}.Debug|x86.ActiveCfg = Debug|Any CPU
		{343773EF-B9C2-4ACC-A2E7-97FBB1C48B33}.Debug|x86.Build.0 = Debug|Any CPU
		{343773EF-B9C2-4ACC-A2E7-97FBB1C48B33}.Release|Any CPU.ActiveCfg = Release|Any CPU
		{343773EF-B9C2-4ACC-A2E7-97FBB1C48B33}.Release|Any CPU.Build.0 = Release|Any CPU
		{343773EF-B9C2-4ACC-A2E7-97FBB1C48B33}.Release|x64.ActiveCfg = Release|Any CPU
		{343773EF-B9C2-4ACC-A2E7-97FBB1C48B33}.Release|x64.Build.0 = Release|Any CPU
		{343773EF-B9C2-4ACC-A2E7-97FBB1C48B33}.Release|x86.ActiveCfg = Release|Any CPU
		{343773EF-B9C2-4ACC-A2E7-97FBB1C48B33}.Release|x86.Build.0 = Release|Any CPU
		{A8B1390D-263E-44E9-8C09-2D6614F0B432}.Debug|Any CPU.ActiveCfg = Debug|Any CPU
		{A8B1390D-263E-44E9-8C09-2D6614F0B432}.Debug|Any CPU.Build.0 = Debug|Any CPU
		{A8B1390D-263E-44E9-8C09-2D6614F0B432}.Debug|x64.ActiveCfg = Debug|Any CPU
		{A8B1390D-263E-44E9-8C09-2D6614F0B432}.Debug|x64.Build.0 = Debug|Any CPU
		{A8B1390D-263E-44E9-8C09-2D6614F0B432}.Debug|x86.ActiveCfg = Debug|Any CPU
		{A8B1390D-263E-44E9-8C09-2D6614F0B432}.Debug|x86.Build.0 = Debug|Any CPU
		{A8B1390D-263E-44E9-8C09-2D6614F0B432}.Release|Any CPU.ActiveCfg = Release|Any CPU
		{A8B1390D-263E-44E9-8C09-2D6614F0B432}.Release|Any CPU.Build.0 = Release|Any CPU
		{A8B1390D-263E-44E9-8C09-2D6614F0B432}.Release|x64.ActiveCfg = Release|Any CPU
		{A8B1390D-263E-44E9-8C09-2D6614F0B432}.Release|x64.Build.0 = Release|Any CPU
		{A8B1390D-263E-44E9-8C09-2D6614F0B432}.Release|x86.ActiveCfg = Release|Any CPU
		{A8B1390D-263E-44E9-8C09-2D6614F0B432}.Release|x86.Build.0 = Release|Any CPU
		{CD95E1CE-342A-4AAD-BCD8-64B6D34AAE7B}.Debug|Any CPU.ActiveCfg = Debug|Any CPU
		{CD95E1CE-342A-4AAD-BCD8-64B6D34AAE7B}.Debug|Any CPU.Build.0 = Debug|Any CPU
		{CD95E1CE-342A-4AAD-BCD8-64B6D34AAE7B}.Debug|x64.ActiveCfg = Debug|Any CPU
		{CD95E1CE-342A-4AAD-BCD8-64B6D34AAE7B}.Debug|x64.Build.0 = Debug|Any CPU
		{CD95E1CE-342A-4AAD-BCD8-64B6D34AAE7B}.Debug|x86.ActiveCfg = Debug|Any CPU
		{CD95E1CE-342A-4AAD-BCD8-64B6D34AAE7B}.Debug|x86.Build.0 = Debug|Any CPU
		{CD95E1CE-342A-4AAD-BCD8-64B6D34AAE7B}.Release|Any CPU.ActiveCfg = Release|Any CPU
		{CD95E1CE-342A-4AAD-BCD8-64B6D34AAE7B}.Release|Any CPU.Build.0 = Release|Any CPU
		{CD95E1CE-342A-4AAD-BCD8-64B6D34AAE7B}.Release|x64.ActiveCfg = Release|Any CPU
		{CD95E1CE-342A-4AAD-BCD8-64B6D34AAE7B}.Release|x64.Build.0 = Release|Any CPU
		{CD95E1CE-342A-4AAD-BCD8-64B6D34AAE7B}.Release|x86.ActiveCfg = Release|Any CPU
		{CD95E1CE-342A-4AAD-BCD8-64B6D34AAE7B}.Release|x86.Build.0 = Release|Any CPU
	EndGlobalSection
EndGlobal
